// !$*UTF8*$!
{
	archiveVersion = 1;
	classes = {
	};
	objectVersion = 50;
	objects = {

/* Begin PBXBuildFile section */
		8A113242266AC456005749BD /* CertificatePinningTestsApp.swift in Sources */ = {isa = PBXBuildFile; fileRef = 8A113241266AC456005749BD /* CertificatePinningTestsApp.swift */; };
		8A113244266AC456005749BD /* ContentView.swift in Sources */ = {isa = PBXBuildFile; fileRef = 8A113243266AC456005749BD /* ContentView.swift */; };
		8A113246266AC459005749BD /* Assets.xcassets in Resources */ = {isa = PBXBuildFile; fileRef = 8A113245266AC459005749BD /* Assets.xcassets */; };
		8A113249266AC459005749BD /* Preview Assets.xcassets in Resources */ = {isa = PBXBuildFile; fileRef = 8A113248266AC459005749BD /* Preview Assets.xcassets */; };
		8A113251266AC511005749BD /* UserAPIView.swift in Sources */ = {isa = PBXBuildFile; fileRef = 8A113250266AC511005749BD /* UserAPIView.swift */; };
		8A113253266AC5D6005749BD /* UserWKWebView.swift in Sources */ = {isa = PBXBuildFile; fileRef = 8A113252266AC5D6005749BD /* UserWKWebView.swift */; };
		8AB20BEF266F9468002E246C /* UserSafariViewController.swift in Sources */ = {isa = PBXBuildFile; fileRef = 8AB20BEE266F9468002E246C /* UserSafariViewController.swift */; };
/* End PBXBuildFile section */

/* Begin PBXFileReference section */
		8A11323E266AC456005749BD /* CertificatePinningTests.app */ = {isa = PBXFileReference; explicitFileType = wrapper.application; includeInIndex = 0; path = CertificatePinningTests.app; sourceTree = BUILT_PRODUCTS_DIR; };
		8A113241266AC456005749BD /* CertificatePinningTestsApp.swift */ = {isa = PBXFileReference; lastKnownFileType = sourcecode.swift; path = CertificatePinningTestsApp.swift; sourceTree = "<group>"; };
		8A113243266AC456005749BD /* ContentView.swift */ = {isa = PBXFileReference; lastKnownFileType = sourcecode.swift; path = ContentView.swift; sourceTree = "<group>"; };
		8A113245266AC459005749BD /* Assets.xcassets */ = {isa = PBXFileReference; lastKnownFileType = folder.assetcatalog; path = Assets.xcassets; sourceTree = "<group>"; };
		8A113248266AC459005749BD /* Preview Assets.xcassets */ = {isa = PBXFileReference; lastKnownFileType = folder.assetcatalog; path = "Preview Assets.xcassets"; sourceTree = "<group>"; };
		8A11324A266AC459005749BD /* Info.plist */ = {isa = PBXFileReference; lastKnownFileType = text.plist.xml; path = Info.plist; sourceTree = "<group>"; };
		8A113250266AC511005749BD /* UserAPIView.swift */ = {isa = PBXFileReference; lastKnownFileType = sourcecode.swift; path = UserAPIView.swift; sourceTree = "<group>"; };
		8A113252266AC5D6005749BD /* UserWKWebView.swift */ = {isa = PBXFileReference; lastKnownFileType = sourcecode.swift; path = UserWKWebView.swift; sourceTree = "<group>"; };
		8AB20BEE266F9468002E246C /* UserSafariViewController.swift */ = {isa = PBXFileReference; lastKnownFileType = sourcecode.swift; path = UserSafariViewController.swift; sourceTree = "<group>"; };
/* End PBXFileReference section */

/* Begin PBXFrameworksBuildPhase section */
		8A11323B266AC456005749BD /* Frameworks */ = {
			isa = PBXFrameworksBuildPhase;
			buildActionMask = 2147483647;
			files = (
			);
			runOnlyForDeploymentPostprocessing = 0;
		};
/* End PBXFrameworksBuildPhase section */

/* Begin PBXGroup section */
		8A113235266AC456005749BD = {
			isa = PBXGroup;
			children = (
				8A113240266AC456005749BD /* CertificatePinningTests */,
				8A11323F266AC456005749BD /* Products */,
			);
			sourceTree = "<group>";
		};
		8A11323F266AC456005749BD /* Products */ = {
			isa = PBXGroup;
			children = (
				8A11323E266AC456005749BD /* CertificatePinningTests.app */,
			);
			name = Products;
			sourceTree = "<group>";
		};
		8A113240266AC456005749BD /* CertificatePinningTests */ = {
			isa = PBXGroup;
			children = (
				8A113241266AC456005749BD /* CertificatePinningTestsApp.swift */,
				8A113243266AC456005749BD /* ContentView.swift */,
				8A113250266AC511005749BD /* UserAPIView.swift */,
				8A113252266AC5D6005749BD /* UserWKWebView.swift */,
				8AB20BEE266F9468002E246C /* UserSafariViewController.swift */,
				8A113245266AC459005749BD /* Assets.xcassets */,
				8A11324A266AC459005749BD /* Info.plist */,
				8A113247266AC459005749BD /* Preview Content */,
			);
			path = CertificatePinningTests;
			sourceTree = "<group>";
		};
		8A113247266AC459005749BD /* Preview Content */ = {
			isa = PBXGroup;
			children = (
				8A113248266AC459005749BD /* Preview Assets.xcassets */,
			);
			path = "Preview Content";
			sourceTree = "<group>";
		};
/* End PBXGroup section */

/* Begin PBXNativeTarget section */
		8A11323D266AC456005749BD /* CertificatePinningTests */ = {
			isa = PBXNativeTarget;
			buildConfigurationList = 8A11324D266AC459005749BD /* Build configuration list for PBXNativeTarget "CertificatePinningTests" */;
			buildPhases = (
				8A11323A266AC456005749BD /* Sources */,
				8A11323B266AC456005749BD /* Frameworks */,
				8A11323C266AC456005749BD /* Resources */,
			);
			buildRules = (
			);
			dependencies = (
			);
			name = CertificatePinningTests;
			productName = CertificatePinningTests;
			productReference = 8A11323E266AC456005749BD /* CertificatePinningTests.app */;
			productType = "com.apple.product-type.application";
		};
/* End PBXNativeTarget section */

/* Begin PBXProject section */
		8A113236266AC456005749BD /* Project object */ = {
			isa = PBXProject;
			attributes = {
				LastSwiftUpdateCheck = 1250;
				LastUpgradeCheck = 1250;
				TargetAttributes = {
					8A11323D266AC456005749BD = {
						CreatedOnToolsVersion = 12.5;
					};
				};
			};
			buildConfigurationList = 8A113239266AC456005749BD /* Build configuration list for PBXProject "CertificatePinningTests" */;
			compatibilityVersion = "Xcode 9.3";
			developmentRegion = en;
			hasScannedForEncodings = 0;
			knownRegions = (
				en,
				Base,
			);
			mainGroup = 8A113235266AC456005749BD;
			productRefGroup = 8A11323F266AC456005749BD /* Products */;
			projectDirPath = "";
			projectRoot = "";
			targets = (
				8A11323D266AC456005749BD /* CertificatePinningTests */,
			);
		};
/* End PBXProject section */

/* Begin PBXResourcesBuildPhase section */
		8A11323C266AC456005749BD /* Resources */ = {
			isa = PBXResourcesBuildPhase;
			buildActionMask = 2147483647;
			files = (
				8A113249266AC459005749BD /* Preview Assets.xcassets in Resources */,
				8A113246266AC459005749BD /* Assets.xcassets in Resources */,
			);
			runOnlyForDeploymentPostprocessing = 0;
		};
/* End PBXResourcesBuildPhase section */

/* Begin PBXSourcesBuildPhase section */
		8A11323A266AC456005749BD /* Sources */ = {
			isa = PBXSourcesBuildPhase;
			buildActionMask = 2147483647;
			files = (
				8A113253266AC5D6005749BD /* UserWKWebView.swift in Sources */,
				8AB20BEF266F9468002E246C /* UserSafariViewController.swift in Sources */,
				8A113251266AC511005749BD /* UserAPIView.swift in Sources */,
				8A113244266AC456005749BD /* ContentView.swift in Sources */,
				8A113242266AC456005749BD /* CertificatePinningTestsApp.swift in Sources */,
			);
			runOnlyForDeploymentPostprocessing = 0;
		};
/* End PBXSourcesBuildPhase section */

/* Begin XCBuildConfiguration section */
		8A11324B266AC459005749BD /* Debug */ = {
			isa = XCBuildConfiguration;
			buildSettings = {
				ALWAYS_SEARCH_USER_PATHS = NO;
				CLANG_ANALYZER_NONNULL = YES;
				CLANG_ANALYZER_NUMBER_OBJECT_CONVERSION = YES_AGGRESSIVE;
				CLANG_CXX_LANGUAGE_STANDARD = "gnu++14";
				CLANG_CXX_LIBRARY = "libc++";
				CLANG_ENABLE_MODULES = YES;
				CLANG_ENABLE_OBJC_ARC = YES;
				CLANG_ENABLE_OBJC_WEAK = YES;
				CLANG_WARN_BLOCK_CAPTURE_AUTORELEASING = YES;
				CLANG_WARN_BOOL_CONVERSION = YES;
				CLANG_WARN_COMMA = YES;
				CLANG_WARN_CONSTANT_CONVERSION = YES;
				CLANG_WARN_DEPRECATED_OBJC_IMPLEMENTATIONS = YES;
				CLANG_WARN_DIRECT_OBJC_ISA_USAGE = YES_ERROR;
				CLANG_WARN_DOCUMENTATION_COMMENTS = YES;
				CLANG_WARN_EMPTY_BODY = YES;
				CLANG_WARN_ENUM_CONVERSION = YES;
				CLANG_WARN_INFINITE_RECURSION = YES;
				CLANG_WARN_INT_CONVERSION = YES;
				CLANG_WARN_NON_LITERAL_NULL_CONVERSION = YES;
				CLANG_WARN_OBJC_IMPLICIT_RETAIN_SELF = YES;
				CLANG_WARN_OBJC_LITERAL_CONVERSION = YES;
				CLANG_WARN_OBJC_ROOT_CLASS = YES_ERROR;
				CLANG_WARN_QUOTED_INCLUDE_IN_FRAMEWORK_HEADER = YES;
				CLANG_WARN_RANGE_LOOP_ANALYSIS = YES;
				CLANG_WARN_STRICT_PROTOTYPES = YES;
				CLANG_WARN_SUSPICIOUS_MOVE = YES;
				CLANG_WARN_UNGUARDED_AVAILABILITY = YES_AGGRESSIVE;
				CLANG_WARN_UNREACHABLE_CODE = YES;
				CLANG_WARN__DUPLICATE_METHOD_MATCH = YES;
				COPY_PHASE_STRIP = NO;
				DEBUG_INFORMATION_FORMAT = dwarf;
				ENABLE_STRICT_OBJC_MSGSEND = YES;
				ENABLE_TESTABILITY = YES;
				GCC_C_LANGUAGE_STANDARD = gnu11;
				GCC_DYNAMIC_NO_PIC = NO;
				GCC_NO_COMMON_BLOCKS = YES;
				GCC_OPTIMIZATION_LEVEL = 0;
				GCC_PREPROCESSOR_DEFINITIONS = (
					"DEBUG=1",
					"$(inherited)",
				);
				GCC_WARN_64_TO_32_BIT_CONVERSION = YES;
				GCC_WARN_ABOUT_RETURN_TYPE = YES_ERROR;
				GCC_WARN_UNDECLARED_SELECTOR = YES;
				GCC_WARN_UNINITIALIZED_AUTOS = YES_AGGRESSIVE;
				GCC_WARN_UNUSED_FUNCTION = YES;
				GCC_WARN_UNUSED_VARIABLE = YES;
				IPHONEOS_DEPLOYMENT_TARGET = 14.5;
				MTL_ENABLE_DEBUG_INFO = INCLUDE_SOURCE;
				MTL_FAST_MATH = YES;
				ONLY_ACTIVE_ARCH = YES;
				SDKROOT = iphoneos;
				SWIFT_ACTIVE_COMPILATION_CONDITIONS = DEBUG;
				SWIFT_OPTIMIZATION_LEVEL = "-Onone";
			};
			name = Debug;
		};
		8A11324C266AC459005749BD /* Release */ = {
			isa = XCBuildConfiguration;
			buildSettings = {
				ALWAYS_SEARCH_USER_PATHS = NO;
				CLANG_ANALYZER_NONNULL = YES;
				CLANG_ANALYZER_NUMBER_OBJECT_CONVERSION = YES_AGGRESSIVE;
				CLANG_CXX_LANGUAGE_STANDARD = "gnu++14";
				CLANG_CXX_LIBRARY = "libc++";
				CLANG_ENABLE_MODULES = YES;
				CLANG_ENABLE_OBJC_ARC = YES;
				CLANG_ENABLE_OBJC_WEAK = YES;
				CLANG_WARN_BLOCK_CAPTURE_AUTORELEASING = YES;
				CLANG_WARN_BOOL_CONVERSION = YES;
				CLANG_WARN_COMMA = YES;
				CLANG_WARN_CONSTANT_CONVERSION = YES;
				CLANG_WARN_DEPRECATED_OBJC_IMPLEMENTATIONS = YES;
				CLANG_WARN_DIRECT_OBJC_ISA_USAGE = YES_ERROR;
				CLANG_WARN_DOCUMENTATION_COMMENTS = YES;
				CLANG_WARN_EMPTY_BODY = YES;
				CLANG_WARN_ENUM_CONVERSION = YES;
				CLANG_WARN_INFINITE_RECURSION = YES;
				CLANG_WARN_INT_CONVERSION = YES;
				CLANG_WARN_NON_LITERAL_NULL_CONVERSION = YES;
				CLANG_WARN_OBJC_IMPLICIT_RETAIN_SELF = YES;
				CLANG_WARN_OBJC_LITERAL_CONVERSION = YES;
				CLANG_WARN_OBJC_ROOT_CLASS = YES_ERROR;
				CLANG_WARN_QUOTED_INCLUDE_IN_FRAMEWORK_HEADER = YES;
				CLANG_WARN_RANGE_LOOP_ANALYSIS = YES;
				CLANG_WARN_STRICT_PROTOTYPES = YES;
				CLANG_WARN_SUSPICIOUS_MOVE = YES;
				CLANG_WARN_UNGUARDED_AVAILABILITY = YES_AGGRESSIVE;
				CLANG_WARN_UNREACHABLE_CODE = YES;
				CLANG_WARN__DUPLICATE_METHOD_MATCH = YES;
				COPY_PHASE_STRIP = NO;
				DEBUG_INFORMATION_FORMAT = "dwarf-with-dsym";
				ENABLE_NS_ASSERTIONS = NO;
				ENABLE_STRICT_OBJC_MSGSEND = YES;
				GCC_C_LANGUAGE_STANDARD = gnu11;
				GCC_NO_COMMON_BLOCKS = YES;
				GCC_WARN_64_TO_32_BIT_CONVERSION = YES;
				GCC_WARN_ABOUT_RETURN_TYPE = YES_ERROR;
				GCC_WARN_UNDECLARED_SELECTOR = YES;
				GCC_WARN_UNINITIALIZED_AUTOS = YES_AGGRESSIVE;
				GCC_WARN_UNUSED_FUNCTION = YES;
				GCC_WARN_UNUSED_VARIABLE = YES;
				IPHONEOS_DEPLOYMENT_TARGET = 14.5;
				MTL_ENABLE_DEBUG_INFO = NO;
				MTL_FAST_MATH = YES;
				SDKROOT = iphoneos;
				SWIFT_COMPILATION_MODE = wholemodule;
				SWIFT_OPTIMIZATION_LEVEL = "-O";
				VALIDATE_PRODUCT = YES;
			};
			name = Release;
		};
		8A11324E266AC459005749BD /* Debug */ = {
			isa = XCBuildConfiguration;
			buildSettings = {
				ASSETCATALOG_COMPILER_APPICON_NAME = AppIcon;
				ASSETCATALOG_COMPILER_GLOBAL_ACCENT_COLOR_NAME = AccentColor;
				CODE_SIGN_STYLE = Automatic;
				DEVELOPMENT_ASSET_PATHS = "\"CertificatePinningTests/Preview Content\"";
				ENABLE_PREVIEWS = YES;
				INFOPLIST_FILE = CertificatePinningTests/Info.plist;
				IPHONEOS_DEPLOYMENT_TARGET = 14.0;
				LD_RUNPATH_SEARCH_PATHS = (
					"$(inherited)",
					"@executable_path/Frameworks",
				);
				PRODUCT_BUNDLE_IDENTIFIER = us.eidinger.CertificatePinningTests;
				PRODUCT_NAME = "$(TARGET_NAME)";
				SWIFT_VERSION = 5.0;
				TARGETED_DEVICE_FAMILY = "1,2";
			};
			name = Debug;
		};
		8A11324F266AC459005749BD /* Release */ = {
			isa = XCBuildConfiguration;
			buildSettings = {
				ASSETCATALOG_COMPILER_APPICON_NAME = AppIcon;
				ASSETCATALOG_COMPILER_GLOBAL_ACCENT_COLOR_NAME = AccentColor;
				CODE_SIGN_STYLE = Automatic;
				DEVELOPMENT_ASSET_PATHS = "\"CertificatePinningTests/Preview Content\"";
				ENABLE_PREVIEWS = YES;
				INFOPLIST_FILE = CertificatePinningTests/Info.plist;
				IPHONEOS_DEPLOYMENT_TARGET = 14.0;
				LD_RUNPATH_SEARCH_PATHS = (
					"$(inherited)",
					"@executable_path/Frameworks",
				);
				PRODUCT_BUNDLE_IDENTIFIER = us.eidinger.CertificatePinningTests;
				PRODUCT_NAME = "$(TARGET_NAME)";
				SWIFT_VERSION = 5.0;
				TARGETED_DEVICE_FAMILY = "1,2";
			};
			name = Release;
		};
/* End XCBuildConfiguration section */

/* Begin XCConfigurationList section */
		8A113239266AC456005749BD /* Build configuration list for PBXProject "CertificatePinningTests" */ = {
			isa = XCConfigurationList;
			buildConfigurations = (
				8A11324B266AC459005749BD /* Debug */,
				8A11324C266AC459005749BD /* Release */,
			);
			defaultConfigurationIsVisible = 0;
			defaultConfigurationName = Release;
		};
		8A11324D266AC459005749BD /* Build configuration list for PBXNativeTarget "CertificatePinningTests" */ = {
			isa = XCConfigurationList;
			buildConfigurations = (
				8A11324E266AC459005749BD /* Debug */,
				8A11324F266AC459005749BD /* Release */,
			);
			defaultConfigurationIsVisible = 0;
			defaultConfigurationName = Release;
		};
/* End XCConfigurationList section */
	};
	rootObject = 8A113236266AC456005749BD /* Project object */;
}
